
Microsoft Visual Studio Solution File, Format Version 12.00
# Visual Studio Version 16
VisualStudioVersion = 16.0.30011.22
MinimumVisualStudioVersion = 10.0.40219.1
Project("{FAE04EC0-301F-11D3-BF4B-00C04F79EFBC}") = "BLD Master", "BLD Master\BLD Master.csproj", "{90515199-52B0-4DAD-B41E-30F407185D89}"
EndProject
Global
	GlobalSection(SolutionConfigurationPlatforms) = preSolution
		Debug|Any CPU = Debug|Any CPU
		Release|Any CPU = Release|Any CPU
	EndGlobalSection
	GlobalSection(ProjectConfigurationPlatforms) = postSolution
		{90515199-52B0-4DAD-B41E-30F407185D89}.Debug|Any CPU.ActiveCfg = Debug|Any CPU
		{90515199-52B0-4DAD-B41E-30F407185D89}.Debug|Any CPU.Build.0 = Debug|Any CPU
		{90515199-52B0-4DAD-B41E-30F407185D89}.Release|Any CPU.ActiveCfg = Release|Any CPU
		{90515199-52B0-4DAD-B41E-30F407185D89}.Release|Any CPU.Build.0 = Release|Any CPU
	EndGlobalSection
	GlobalSection(SolutionProperties) = preSolution
		HideSolutionNode = FALSE
	EndGlobalSection
	GlobalSection(ExtensibilityGlobals) = postSolution
		SolutionGuid = {10969390-D22A-4F4F-97D3-4540DBED42E6}
	EndGlobalSection
EndGlobal
